schema_version: 1
models:
- id: pfms-classification-models
  source: huggingface
  repository: Abbass-RAH/pfms-feedback-classifier
  revision: 037d623b8fcd0f5bf6b9a7e8f4951ec5c90126a2
  release_version: 1.0.0
  target_directory: models_directory/Classification_Models
  include_patterns:
  - '**/*.pkl'
  - '**/*.json'
  exclude_patterns:
  - model_storage/**
  - '**/__pycache__/**'
  - .git
  - .git/*
  - '*/.git'
  - '**/.git/**'
  - .cache/huggingface
  - .cache/huggingface/*
  - '*/.cache/huggingface'
  - '**/.cache/huggingface/**'
  required_files:
  - Classification_En/ClassificationEN_Model.pkl
  - Harm_level/Harm_BinaryModel.pkl
  - Harm_level/Harm_OrdinalHighModel.pkl
  - Harm_level/Harm_OrdinalLowModel.pkl
  - Harm_level/harm_binary_model.pkl
  - Hierarchical_Classification_Model/category/domain_1/vocab_models/lr_category_domain1.pkl
  - Hierarchical_Classification_Model/category/domain_1/vocab_models/rf_category_domain1.pkl
  - Hierarchical_Classification_Model/category/domain_1/vocab_models/xgb_category_domain1.json
  - Hierarchical_Classification_Model/category/domain_1/vocab_models/xgb_category_domain2.json
  - Hierarchical_Classification_Model/category/domain_2/vocab_models/lr_category_domain2.pkl
  - Hierarchical_Classification_Model/category/domain_2/vocab_models/rf_category_domain2.pkl
  - Hierarchical_Classification_Model/category/domain_2/vocab_models/xgb_category_domain2.json
  - Hierarchical_Classification_Model/category/domain_3/label_map_category_domain3.json
  - Hierarchical_Classification_Model/category/domain_3/vocab_models/lr_category_domain3.pkl
  - Hierarchical_Classification_Model/category/domain_3/vocab_models/rf_category_domain3.pkl
  - Hierarchical_Classification_Model/category/domain_3/vocab_models/xgb_category_domain3.json
  - Hierarchical_Classification_Model/domain/label_map_domain.json
  - Hierarchical_Classification_Model/domain/vocab_models/lr_domain.pkl
  - Hierarchical_Classification_Model/domain/vocab_models/rf_domain.pkl
  - Hierarchical_Classification_Model/domain/vocab_models/xgb_domain.json
  - Hierarchical_Classification_Model/sub_category/category_1/vocab_models/lr_subcat_cat1.pkl
  - Hierarchical_Classification_Model/sub_category/category_1/vocab_models/rf_subcat_cat1.pkl
  - Hierarchical_Classification_Model/sub_category/category_1/vocab_models/xgb_subcat_cat1.json
  - Hierarchical_Classification_Model/sub_category/category_2/vocab_models/lr_subcat_cat2.pkl
  - Hierarchical_Classification_Model/sub_category/category_2/vocab_models/rf_subcat_cat2.pkl
  - Hierarchical_Classification_Model/sub_category/category_2/vocab_models/xgb_subcat_cat1.json
  - Hierarchical_Classification_Model/sub_category/category_2/vocab_models/xgb_subcat_cat2.json
  - Hierarchical_Classification_Model/sub_category/category_3/vocab_models/lr_subcat_cat3.pkl
  - Hierarchical_Classification_Model/sub_category/category_3/vocab_models/rf_subcat_cat3.pkl
  - Hierarchical_Classification_Model/sub_category/category_3/vocab_models/xgb_subcat_cat3.json
  - Hierarchical_Classification_Model/sub_category/category_4/vocab_models/lr_subcat_cat4.pkl
  - Hierarchical_Classification_Model/sub_category/category_4/vocab_models/rf_subcat_cat4.pkl
  - Hierarchical_Classification_Model/sub_category/category_4/vocab_models/xgb_subcat_cat4.json
  - Hierarchical_Classification_Model/sub_category/category_5/vocab_models/lr_subcat_cat5.pkl
  - Hierarchical_Classification_Model/sub_category/category_5/vocab_models/rf_subcat_cat5.pkl
  - Hierarchical_Classification_Model/sub_category/category_5/vocab_models/xgb_subcat_cat5.json
  - Hierarchical_Classification_Model/sub_category/category_6/vocab_models/lr_subcat_cat6.pkl
  - Hierarchical_Classification_Model/sub_category/category_6/vocab_models/rf_subcat_cat6.pkl
  - Hierarchical_Classification_Model/sub_category/category_6/vocab_models/xgb_subcat_cat6.json
  - Hierarchical_Classification_Model/sub_category/category_7/vocab_models/lr_subcat_cat7.pkl
  - Hierarchical_Classification_Model/sub_category/category_7/vocab_models/rf_subcat_cat7.pkl
  - Hierarchical_Classification_Model/sub_category/category_7/vocab_models/xgb_subcat_cat7.json
  - Maintainance/training_runs/2026_07_17_164611_1c4dfffd/feedback_type.pkl
  - Maintainance/training_runs/2026_07_17_164611_1c4dfffd/harm_binary.pkl
  - Maintainance/training_runs/2026_07_17_164611_1c4dfffd/run_summary.json
  - Maintainance/training_runs/2026_07_17_164755_c28eebf3/feedback_type.pkl
  - Maintainance/training_runs/2026_07_17_164755_c28eebf3/harm_binary.pkl
  - Maintainance/training_runs/2026_07_17_164755_c28eebf3/run_summary.json
  - Maintainance/training_runs/2026_07_20_100146_91d49a43/Category_Domain2_lr.pkl
  - Maintainance/training_runs/2026_07_20_100146_91d49a43/ClassificationEN_Model.pkl
  - Maintainance/training_runs/2026_07_20_100146_91d49a43/Harm_Ordinal_High.pkl
  - Maintainance/training_runs/2026_07_20_100146_91d49a43/Harm_Ordinal_Low.pkl
  - Maintainance/training_runs/2026_07_20_100146_91d49a43/Improvement_Ordinal_Model.pkl
  - Maintainance/training_runs/2026_07_20_100146_91d49a43/Severity_Model.pkl
  - Maintainance/training_runs/2026_07_20_100146_91d49a43/Subcategory_Category1_rf.pkl
  - Maintainance/training_runs/2026_07_20_100146_91d49a43/Subcategory_Category2_lr.pkl
  - Maintainance/training_runs/2026_07_20_100146_91d49a43/Subcategory_Category3_lr.pkl
  - Maintainance/training_runs/2026_07_20_100146_91d49a43/Subcategory_Category4_lr.pkl
  - Maintainance/training_runs/2026_07_20_100146_91d49a43/Subcategory_Category5_rf.pkl
  - Maintainance/training_runs/2026_07_20_100146_91d49a43/Subcategory_Category6_rf.pkl
  - Maintainance/training_runs/2026_07_20_100146_91d49a43/Subcategory_Category7_rf.pkl
  - Maintainance/training_runs/2026_07_20_100146_91d49a43/feedback_type.pkl
  - Maintainance/training_runs/2026_07_20_100146_91d49a43/harm_binary.pkl
  - Maintainance/training_runs/2026_07_20_100146_91d49a43/run_summary.json
  - Maintainance/training_runs/2026_07_20_100634_9bed7f9f/Category_Domain2_lr.pkl
  - Maintainance/training_runs/2026_07_20_100634_9bed7f9f/ClassificationEN_Model.pkl
  - Maintainance/training_runs/2026_07_20_100634_9bed7f9f/Harm_Ordinal_High.pkl
  - Maintainance/training_runs/2026_07_20_100634_9bed7f9f/Harm_Ordinal_Low.pkl
  - Maintainance/training_runs/2026_07_20_100634_9bed7f9f/Improvement_Ordinal_Model.pkl
  - Maintainance/training_runs/2026_07_20_100634_9bed7f9f/Severity_Model.pkl
  - Maintainance/training_runs/2026_07_20_100634_9bed7f9f/Subcategory_Category1_rf.pkl
  - Maintainance/training_runs/2026_07_20_100634_9bed7f9f/Subcategory_Category2_lr.pkl
  - Maintainance/training_runs/2026_07_20_100634_9bed7f9f/Subcategory_Category3_lr.pkl
  - Maintainance/training_runs/2026_07_20_100634_9bed7f9f/Subcategory_Category4_lr.pkl
  - Maintainance/training_runs/2026_07_20_100634_9bed7f9f/Subcategory_Category5_rf.pkl
  - Maintainance/training_runs/2026_07_20_100634_9bed7f9f/Subcategory_Category6_rf.pkl
  - Maintainance/training_runs/2026_07_20_100634_9bed7f9f/Subcategory_Category7_rf.pkl
  - Maintainance/training_runs/2026_07_20_100634_9bed7f9f/feedback_type.pkl
  - Maintainance/training_runs/2026_07_20_100634_9bed7f9f/harm_binary.pkl
  - Maintainance/training_runs/2026_07_20_100634_9bed7f9f/run_summary.json
  - Severity_level/Severity_OrdinalModel.pkl
  - Stage/Training_Internal_Metrics/metric_embeddings.json
  - Stage/Training_Internal_Metrics/vocab_dataset/administration_delay.json
  - Stage/Training_Internal_Metrics/vocab_dataset/arrival.json
  - Stage/Training_Internal_Metrics/vocab_dataset/bed_room.json
  - Stage/Training_Internal_Metrics/vocab_dataset/billing_issues.json
  - Stage/Training_Internal_Metrics/vocab_dataset/cleanliness.json
  - Stage/Training_Internal_Metrics/vocab_dataset/clinical_delay.json
  - Stage/Training_Internal_Metrics/vocab_dataset/communication_scheduling.json
  - Stage/Training_Internal_Metrics/vocab_dataset/conflicting_or_wrong_diagnosis.json
  - Stage/Training_Internal_Metrics/vocab_dataset/disagreement_with_discharge.json
  - Stage/Training_Internal_Metrics/vocab_dataset/food.json
  - Stage/Training_Internal_Metrics/vocab_dataset/location.json
  - Stage/Training_Internal_Metrics/vocab_dataset/medical_clinical_errors.json
  - Stage/Training_Internal_Metrics/vocab_dataset/staff_security_behavior.json
  - Stage/Training_Internal_Metrics/vocab_dataset_normalized/administration_delay.json
  - Stage/Training_Internal_Metrics/vocab_dataset_normalized/arrival.json
  - Stage/Training_Internal_Metrics/vocab_dataset_normalized/bed_room.json
  - Stage/Training_Internal_Metrics/vocab_dataset_normalized/billing_issues.json
  - Stage/Training_Internal_Metrics/vocab_dataset_normalized/cleanliness.json
  - Stage/Training_Internal_Metrics/vocab_dataset_normalized/clinical_delay.json
  - Stage/Training_Internal_Metrics/vocab_dataset_normalized/communication_scheduling.json
  - Stage/Training_Internal_Metrics/vocab_dataset_normalized/conflicting_or_wrong_diagnosis.json
  - Stage/Training_Internal_Metrics/vocab_dataset_normalized/disagreement_with_discharge.json
  - Stage/Training_Internal_Metrics/vocab_dataset_normalized/food.json
  - Stage/Training_Internal_Metrics/vocab_dataset_normalized/location.json
  - Stage/Training_Internal_Metrics/vocab_dataset_normalized/medical_clinical_errors.json
  - Stage/Training_Internal_Metrics/vocab_dataset_normalized/staff_security_behavior.json
  - Stage/Training_Internal_Metrics/vocab_models/administration_delay/administration_delay_lr.pkl
  - Stage/Training_Internal_Metrics/vocab_models/administration_delay/administration_delay_rf.pkl
  - Stage/Training_Internal_Metrics/vocab_models/administration_delay/administration_delay_xgb.pkl
  - Stage/Training_Internal_Metrics/vocab_models/arrival/arrival_lr.pkl
  - Stage/Training_Internal_Metrics/vocab_models/arrival/arrival_rf.pkl
  - Stage/Training_Internal_Metrics/vocab_models/arrival/arrival_xgb.pkl
  - Stage/Training_Internal_Metrics/vocab_models/bed_room/bed_room_lr.pkl
  - Stage/Training_Internal_Metrics/vocab_models/bed_room/bed_room_rf.pkl
  - Stage/Training_Internal_Metrics/vocab_models/bed_room/bed_room_xgb.pkl
  - Stage/Training_Internal_Metrics/vocab_models/billing_issues/billing_issues_lr.pkl
  - Stage/Training_Internal_Metrics/vocab_models/billing_issues/billing_issues_rf.pkl
  - Stage/Training_Internal_Metrics/vocab_models/billing_issues/billing_issues_xgb.pkl
  - Stage/Training_Internal_Metrics/vocab_models/cleanliness/cleanliness_lr.pkl
  - Stage/Training_Internal_Metrics/vocab_models/cleanliness/cleanliness_rf.pkl
  - Stage/Training_Internal_Metrics/vocab_models/cleanliness/cleanliness_xgb.pkl
  - Stage/Training_Internal_Metrics/vocab_models/clinical_delay/clinical_delay_lr.pkl
  - Stage/Training_Internal_Metrics/vocab_models/clinical_delay/clinical_delay_rf.pkl
  - Stage/Training_Internal_Metrics/vocab_models/clinical_delay/clinical_delay_xgb.pkl
  - Stage/Training_Internal_Metrics/vocab_models/communication_scheduling/communication_scheduling_lr.pkl
  - Stage/Training_Internal_Metrics/vocab_models/communication_scheduling/communication_scheduling_rf.pkl
  - Stage/Training_Internal_Metrics/vocab_models/communication_scheduling/communication_scheduling_xgb.pkl
  - Stage/Training_Internal_Metrics/vocab_models/conflicting_or_wrong_diagnosis/conflicting_or_wrong_diagnosis_lr.pkl
  - Stage/Training_Internal_Metrics/vocab_models/conflicting_or_wrong_diagnosis/conflicting_or_wrong_diagnosis_rf.pkl
  - Stage/Training_Internal_Metrics/vocab_models/conflicting_or_wrong_diagnosis/conflicting_or_wrong_diagnosis_xgb.pkl
  - Stage/Training_Internal_Metrics/vocab_models/disagreement_with_discharge/disagreement_with_discharge_lr.pkl
  - Stage/Training_Internal_Metrics/vocab_models/disagreement_with_discharge/disagreement_with_discharge_rf.pkl
  - Stage/Training_Internal_Metrics/vocab_models/disagreement_with_discharge/disagreement_with_discharge_xgb.pkl
  - Stage/Training_Internal_Metrics/vocab_models/food/food_lr.pkl
  - Stage/Training_Internal_Metrics/vocab_models/food/food_rf.pkl
  - Stage/Training_Internal_Metrics/vocab_models/food/food_xgb.pkl
  - Stage/Training_Internal_Metrics/vocab_models/location/location_lr.pkl
  - Stage/Training_Internal_Metrics/vocab_models/location/location_rf.pkl
  - Stage/Training_Internal_Metrics/vocab_models/location/location_xgb.pkl
  - Stage/Training_Internal_Metrics/vocab_models/medical_clinical_errors/medical_clinical_errors_lr.pkl
  - Stage/Training_Internal_Metrics/vocab_models/medical_clinical_errors/medical_clinical_errors_rf.pkl
  - Stage/Training_Internal_Metrics/vocab_models/medical_clinical_errors/medical_clinical_errors_xgb.pkl
  - Stage/Training_Internal_Metrics/vocab_models/staff_security_behavior/staff_security_behavior_lr.pkl
  - Stage/Training_Internal_Metrics/vocab_models/staff_security_behavior/staff_security_behavior_rf.pkl
  - Stage/Training_Internal_Metrics/vocab_models/staff_security_behavior/staff_security_behavior_xgb.pkl
  - Stage/Training_Internal_Metrics/vocab_models/train_ML_Metric_Mapper_Numeric/ML_metric_mapper_lr.pkl
  - Stage/Training_Internal_Metrics/vocab_models/train_ML_Metric_Mapper_Numeric/ML_metric_mapper_rf.pkl
  - Stage/Training_Internal_Metrics/vocab_testing/administration.json
  - Stage/Training_Internal_Metrics/vocab_testing/approval_insurance.json
  - Stage/Training_Internal_Metrics/vocab_testing/arrival.json
  - Stage/Training_Internal_Metrics/vocab_testing/bathroom.json
  - Stage/Training_Internal_Metrics/vocab_testing/bed_room.json
  - Stage/Training_Internal_Metrics/vocab_testing/cleanliness.json
  - Stage/Training_Internal_Metrics/vocab_testing/communication_clarity.json
  - Stage/Training_Internal_Metrics/vocab_testing/communication_scheduling.json
  - Stage/Training_Internal_Metrics/vocab_testing/conflicting_or_unclear_diagnosis.json
  - Stage/Training_Internal_Metrics/vocab_testing/disagreement_with_discharge.json
  - Stage/Training_Internal_Metrics/vocab_testing/doctor_not_following_up.json
  - Stage/Training_Internal_Metrics/vocab_testing/emergency_action_delays.json
  - Stage/Training_Internal_Metrics/vocab_testing/financial.json
  - Stage/Training_Internal_Metrics/vocab_testing/food.json
  - Stage/Training_Internal_Metrics/vocab_testing/interaction_negative.json
  - Stage/Training_Internal_Metrics/vocab_testing/lab_and_imaging_issues.json
  - Stage/Training_Internal_Metrics/vocab_testing/location.json
  - Stage/Training_Internal_Metrics/vocab_testing/medical_clinical_errors.json
  - Stage/Training_Internal_Metrics/vocab_testing/refund_issue.json
  - Stage/Training_Internal_Metrics/vocab_testing/staff_security_behavior.json
  - Stage/Training_Internal_Metrics/vocab_testing/waiting_delay.json
  - feedback_type/FeedbackType_OrdinalModel.pkl
  - improvement_opportunity_type/Improvement_OrdinalModel.pkl
  sha256_manifest: SHA256SUMS_pfms-classification-models.txt
  application_compatibility:
    minimum_version: 0.1.0
    maximum_version: 0.x
- id: shared-mpnet-embeddings
  source: huggingface
  repository: Abbass-RAH/shared-mpnet-embeddings
  revision: c01f29a108d614466f35aec753c09a3c43418e55
  release_version: 1.0.0
  target_directory: models_directory/Classification_Models/model_storage/mpnet_embeddings
  include_patterns:
  - '*'
  exclude_patterns:
  - '*.py'
  - __pycache__/*
  - .git
  - .git/*
  - '*/.git'
  - '**/.git/**'
  - .cache/huggingface
  - .cache/huggingface/*
  - '*/.cache/huggingface'
  - '**/.cache/huggingface/**'
  required_files:
  - config.json
  - model.safetensors
  - sentencepiece.bpe.model
  - special_tokens_map.json
  - tokenizer.json
  - tokenizer_config.json
  sha256_manifest: SHA256SUMS_shared-mpnet-embeddings.txt
  application_compatibility:
    minimum_version: 0.1.0
    maximum_version: 0.x
